
Microsoft Visual Studio Solution File, Format Version 12.00
# Visual Studio Version 17
VisualStudioVersion = 17.13.35931.197 d17.13
MinimumVisualStudioVersion = 10.0.40219.1
Project("{FAE04EC0-301F-11D3-BF4B-00C04F79EFBC}") = "CountTheDigits", "CountTheDigits\CountTheDigits.csproj", "{90458D72-B66D-4EF3-9D5E-7B19DCF429DC}"
EndProject
Global
	GlobalSection(SolutionConfigurationPlatforms) = preSolution
		Debug|Any CPU = Debug|Any CPU
		Release|Any CPU = Release|Any CPU
	EndGlobalSection
	GlobalSection(ProjectConfigurationPlatforms) = postSolution
		{90458D72-B66D-4EF3-9D5E-7B19DCF429DC}.Debug|Any CPU.ActiveCfg = Debug|Any CPU
		{90458D72-B66D-4EF3-9D5E-7B19DCF429DC}.Debug|Any CPU.Build.0 = Debug|Any CPU
		{90458D72-B66D-4EF3-9D5E-7B19DCF429DC}.Release|Any CPU.ActiveCfg = Release|Any CPU
		{90458D72-B66D-4EF3-9D5E-7B19DCF429DC}.Release|Any CPU.Build.0 = Release|Any CPU
	EndGlobalSection
	GlobalSection(SolutionProperties) = preSolution
		HideSolutionNode = FALSE
	EndGlobalSection
	GlobalSection(ExtensibilityGlobals) = postSolution
		SolutionGuid = {5491FE1F-CD88-4EA8-8BC9-94B376846A82}
	EndGlobalSection
EndGlobal
